
Microsoft Visual Studio Solution File, Format Version 11.00
# Visual Studio 2010
Project("{FAE04EC0-301F-11D3-BF4B-00C04F79EFBC}") = "GTO4Project", "Assembly-CSharp.csproj", "{A033B88A-677E-D22A-D36D-9591E8FA86A9}"
EndProject
Global
	GlobalSection(SolutionConfigurationPlatforms) = preSolution
		Debug|Any CPU = Debug|Any CPU
		Release|Any CPU = Release|Any CPU
	EndGlobalSection
	GlobalSection(ProjectConfigurationPlatforms) = postSolution
		{A033B88A-677E-D22A-D36D-9591E8FA86A9}.Debug|Any CPU.ActiveCfg = Debug|Any CPU
		{A033B88A-677E-D22A-D36D-9591E8FA86A9}.Debug|Any CPU.Build.0 = Debug|Any CPU
		{A033B88A-677E-D22A-D36D-9591E8FA86A9}.Release|Any CPU.ActiveCfg = Release|Any CPU
		{A033B88A-677E-D22A-D36D-9591E8FA86A9}.Release|Any CPU.Build.0 = Release|Any CPU
	EndGlobalSection
	GlobalSection(SolutionProperties) = preSolution
		HideSolutionNode = FALSE
	EndGlobalSection
	GlobalSection(MonoDevelopProperties) = preSolution
		StartupItem = Assembly-CSharp.csproj
	EndGlobalSection
EndGlobal
